
Microsoft Visual Studio Solution File, Format Version 12.00
# Visual Studio 15
VisualStudioVersion = 15.0.27703.2026
MinimumVisualStudioVersion = 10.0.40219.1
Project("{FAE04EC0-301F-11D3-BF4B-00C04F79EFBC}") = "HTMLToString", "AssembliesAndNamespaces\HTMLToString.csproj", "{C17A6244-41EF-432E-ACC7-6D65B706B58C}"
EndProject
Project("{54435603-DBB4-11D2-8724-00A0C9A8B90C}") = "HTMLToStringInstaller", "HTMLToStringInstaller\HTMLToStringInstaller.vdproj", "{C3394C1D-9DD7-4E32-8652-810779B47554}"
EndProject
Global
	GlobalSection(SolutionConfigurationPlatforms) = preSolution
		Debug|Any CPU = Debug|Any CPU
		Release|Any CPU = Release|Any CPU
	EndGlobalSection
	GlobalSection(ProjectConfigurationPlatforms) = postSolution
		{C17A6244-41EF-432E-ACC7-6D65B706B58C}.Debug|Any CPU.ActiveCfg = Debug|Any CPU
		{C17A6244-41EF-432E-ACC7-6D65B706B58C}.Debug|Any CPU.Build.0 = Debug|Any CPU
		{C17A6244-41EF-432E-ACC7-6D65B706B58C}.Release|Any CPU.ActiveCfg = Release|Any CPU
		{C17A6244-41EF-432E-ACC7-6D65B706B58C}.Release|Any CPU.Build.0 = Release|Any CPU
		{C3394C1D-9DD7-4E32-8652-810779B47554}.Debug|Any CPU.ActiveCfg = Debug
		{C3394C1D-9DD7-4E32-8652-810779B47554}.Release|Any CPU.ActiveCfg = Release
	EndGlobalSection
	GlobalSection(SolutionProperties) = preSolution
		HideSolutionNode = FALSE
	EndGlobalSection
	GlobalSection(ExtensibilityGlobals) = postSolution
		SolutionGuid = {E04852CC-8D06-4731-B919-9C0D22BE9112}
	EndGlobalSection
EndGlobal
